
Microsoft Visual Studio Solution File, Format Version 12.00
# Visual Studio Version 17
VisualStudioVersion = 17.14.36414.22 d17.14
MinimumVisualStudioVersion = 10.0.40219.1
Project("{FAE04EC0-301F-11D3-BF4B-00C04F79EFBC}") = "SpaceShooterGame", "SpaceShooterGame\SpaceShooterGame.csproj", "{D6FCBBD5-736A-403A-93D4-42501ECFE935}"
EndProject
Global
	GlobalSection(SolutionConfigurationPlatforms) = preSolution
		Debug|Any CPU = Debug|Any CPU
		Release|Any CPU = Release|Any CPU
	EndGlobalSection
	GlobalSection(ProjectConfigurationPlatforms) = postSolution
		{D6FCBBD5-736A-403A-93D4-42501ECFE935}.Debug|Any CPU.ActiveCfg = Debug|Any CPU
		{D6FCBBD5-736A-403A-93D4-42501ECFE935}.Debug|Any CPU.Build.0 = Debug|Any CPU
		{D6FCBBD5-736A-403A-93D4-42501ECFE935}.Release|Any CPU.ActiveCfg = Release|Any CPU
		{D6FCBBD5-736A-403A-93D4-42501ECFE935}.Release|Any CPU.Build.0 = Release|Any CPU
	EndGlobalSection
	GlobalSection(SolutionProperties) = preSolution
		HideSolutionNode = FALSE
	EndGlobalSection
	GlobalSection(ExtensibilityGlobals) = postSolution
		SolutionGuid = {7B8B815B-7C5A-4C9B-BDB4-E8687B6D343F}
	EndGlobalSection
EndGlobal
